
Microsoft Visual Studio Solution File, Format Version 12.00
# Visual Studio Version 17
VisualStudioVersion = 17.10.35122.118
MinimumVisualStudioVersion = 10.0.40219.1
Project("{FAE04EC0-301F-11D3-BF4B-00C04F79EFBC}") = "BookingBot", "BookingBot\BookingBot.csproj", "{DBF18448-5F0F-4A84-9F0B-F010402F4649}"
EndProject
Global
	GlobalSection(SolutionConfigurationPlatforms) = preSolution
		Debug|Any CPU = Debug|Any CPU
		Release|Any CPU = Release|Any CPU
	EndGlobalSection
	GlobalSection(ProjectConfigurationPlatforms) = postSolution
		{DBF18448-5F0F-4A84-9F0B-F010402F4649}.Debug|Any CPU.ActiveCfg = Debug|Any CPU
		{DBF18448-5F0F-4A84-9F0B-F010402F4649}.Debug|Any CPU.Build.0 = Debug|Any CPU
		{DBF18448-5F0F-4A84-9F0B-F010402F4649}.Release|Any CPU.ActiveCfg = Release|Any CPU
		{DBF18448-5F0F-4A84-9F0B-F010402F4649}.Release|Any CPU.Build.0 = Release|Any CPU
	EndGlobalSection
	GlobalSection(SolutionProperties) = preSolution
		HideSolutionNode = FALSE
	EndGlobalSection
	GlobalSection(ExtensibilityGlobals) = postSolution
		SolutionGuid = {92387186-B561-4CF1-9CCD-873923DA5475}
	EndGlobalSection
EndGlobal
